
Microsoft Visual Studio Solution File, Format Version 12.00
# Visual Studio Version 17
VisualStudioVersion = 17.2.32516.85
MinimumVisualStudioVersion = 10.0.40219.1
Project("{9A19103F-16F7-4668-BE54-9A1E7A4F7556}") = "Sendy", "Sendy\Sendy.csproj", "{914A5CA1-8242-4DF6-B7BC-B231EBE9CDB7}"
EndProject
Global
	GlobalSection(SolutionConfigurationPlatforms) = preSolution
		Debug|Any CPU = Debug|Any CPU
		Release|Any CPU = Release|Any CPU
	EndGlobalSection
	GlobalSection(ProjectConfigurationPlatforms) = postSolution
		{914A5CA1-8242-4DF6-B7BC-B231EBE9CDB7}.Debug|Any CPU.ActiveCfg = Debug|Any CPU
		{914A5CA1-8242-4DF6-B7BC-B231EBE9CDB7}.Debug|Any CPU.Build.0 = Debug|Any CPU
		{914A5CA1-8242-4DF6-B7BC-B231EBE9CDB7}.Release|Any CPU.ActiveCfg = Release|Any CPU
		{914A5CA1-8242-4DF6-B7BC-B231EBE9CDB7}.Release|Any CPU.Build.0 = Release|Any CPU
	EndGlobalSection
	GlobalSection(SolutionProperties) = preSolution
		HideSolutionNode = FALSE
	EndGlobalSection
	GlobalSection(ExtensibilityGlobals) = postSolution
		SolutionGuid = {E416BA56-65B3-48CB-8342-E2A860CB1AB1}
	EndGlobalSection
EndGlobal
